
Microsoft Visual Studio Solution File, Format Version 12.00
# Visual Studio Version 17
VisualStudioVersion = 17.0.31903.59
MinimumVisualStudioVersion = 10.0.40219.1
Project("{FAE04EC0-301F-11D3-BF4B-00C04F79EFBC}") = "SocialSphereApp.API", "SocialSphereApp.API\SocialSphereApp.API.csproj", "{561948A5-6D6E-47C0-9122-CAC7AF4FF7AA}"
EndProject
Global
	GlobalSection(SolutionConfigurationPlatforms) = preSolution
		Debug|Any CPU = Debug|Any CPU
		Release|Any CPU = Release|Any CPU
	EndGlobalSection
	GlobalSection(SolutionProperties) = preSolution
		HideSolutionNode = FALSE
	EndGlobalSection
	GlobalSection(ProjectConfigurationPlatforms) = postSolution
		{561948A5-6D6E-47C0-9122-CAC7AF4FF7AA}.Debug|Any CPU.ActiveCfg = Debug|Any CPU
		{561948A5-6D6E-47C0-9122-CAC7AF4FF7AA}.Debug|Any CPU.Build.0 = Debug|Any CPU
		{561948A5-6D6E-47C0-9122-CAC7AF4FF7AA}.Release|Any CPU.ActiveCfg = Release|Any CPU
		{561948A5-6D6E-47C0-9122-CAC7AF4FF7AA}.Release|Any CPU.Build.0 = Release|Any CPU
	EndGlobalSection
EndGlobal
